// !$*UTF8*$!
{
	archiveVersion = 1;
	classes = {
	};
	objectVersion = 55;
	objects = {

/* Begin PBXBuildFile section */
		141D9BF328570569008D19C2 /* CodeMagicDemoApp.swift in Sources */ = {isa = PBXBuildFile; fileRef = 141D9BF228570569008D19C2 /* CodeMagicDemoApp.swift */; };
		141D9BF528570569008D19C2 /* ContentView.swift in Sources */ = {isa = PBXBuildFile; fileRef = 141D9BF428570569008D19C2 /* ContentView.swift */; };
		141D9BF72857056B008D19C2 /* Assets.xcassets in Resources */ = {isa = PBXBuildFile; fileRef = 141D9BF62857056B008D19C2 /* Assets.xcassets */; };
		141D9BFA2857056B008D19C2 /* Preview Assets.xcassets in Resources */ = {isa = PBXBuildFile; fileRef = 141D9BF92857056B008D19C2 /* Preview Assets.xcassets */; };
		141D9C042857056B008D19C2 /* CodeMagicDemoTests.swift in Sources */ = {isa = PBXBuildFile; fileRef = 141D9C032857056B008D19C2 /* CodeMagicDemoTests.swift */; };
		141D9C0E2857056B008D19C2 /* CodeMagicDemoUITests.swift in Sources */ = {isa = PBXBuildFile; fileRef = 141D9C0D2857056B008D19C2 /* CodeMagicDemoUITests.swift */; };
		141D9C102857056B008D19C2 /* CodeMagicDemoUITestsLaunchTests.swift in Sources */ = {isa = PBXBuildFile; fileRef = 141D9C0F2857056B008D19C2 /* CodeMagicDemoUITestsLaunchTests.swift */; };
		1764F7DBBD7D1927F8637C18 /* Pods_CodeMagicDemo.framework in Frameworks */ = {isa = PBXBuildFile; fileRef = 5757A1A8DC0284EBB46CBDED /* Pods_CodeMagicDemo.framework */; };
		A54A784C5BFACDEDD44CDFA8 /* Pods_CodeMagicDemo_CodeMagicDemoUITests.framework in Frameworks */ = {isa = PBXBuildFile; fileRef = 870C4C514FA6A93295BC4D00 /* Pods_CodeMagicDemo_CodeMagicDemoUITests.framework */; };
		DD32405C32F6E1846EC2D855 /* Pods_CodeMagicDemoTests.framework in Frameworks */ = {isa = PBXBuildFile; fileRef = F7853264B04C4FCD4549ED6B /* Pods_CodeMagicDemoTests.framework */; };
/* End PBXBuildFile section */

/* Begin PBXContainerItemProxy section */
		141D9C002857056B008D19C2 /* PBXContainerItemProxy */ = {
			isa = PBXContainerItemProxy;
			containerPortal = 141D9BE728570569008D19C2 /* Project object */;
			proxyType = 1;
			remoteGlobalIDString = 141D9BEE28570569008D19C2;
			remoteInfo = CodeMagicDemo;
		};
		141D9C0A2857056B008D19C2 /* PBXContainerItemProxy */ = {
			isa = PBXContainerItemProxy;
			containerPortal = 141D9BE728570569008D19C2 /* Project object */;
			proxyType = 1;
			remoteGlobalIDString = 141D9BEE28570569008D19C2;
			remoteInfo = CodeMagicDemo;
		};
/* End PBXContainerItemProxy section */

/* Begin PBXFileReference section */
		141D9BEF28570569008D19C2 /* CodeMagicDemo2.app */ = {isa = PBXFileReference; explicitFileType = wrapper.application; includeInIndex = 0; path = CodeMagicDemo2.app; sourceTree = BUILT_PRODUCTS_DIR; };
		141D9BF228570569008D19C2 /* CodeMagicDemoApp.swift */ = {isa = PBXFileReference; lastKnownFileType = sourcecode.swift; path = CodeMagicDemoApp.swift; sourceTree = "<group>"; };
		141D9BF428570569008D19C2 /* ContentView.swift */ = {isa = PBXFileReference; lastKnownFileType = sourcecode.swift; path = ContentView.swift; sourceTree = "<group>"; };
		141D9BF62857056B008D19C2 /* Assets.xcassets */ = {isa = PBXFileReference; lastKnownFileType = folder.assetcatalog; path = Assets.xcassets; sourceTree = "<group>"; };
		141D9BF92857056B008D19C2 /* Preview Assets.xcassets */ = {isa = PBXFileReference; lastKnownFileType = folder.assetcatalog; path = "Preview Assets.xcassets"; sourceTree = "<group>"; };
		141D9BFF2857056B008D19C2 /* CodeMagicDemoTests.xctest */ = {isa = PBXFileReference; explicitFileType = wrapper.cfbundle; includeInIndex = 0; path = CodeMagicDemoTests.xctest; sourceTree = BUILT_PRODUCTS_DIR; };
		141D9C032857056B008D19C2 /* CodeMagicDemoTests.swift */ = {isa = PBXFileReference; lastKnownFileType = sourcecode.swift; path = CodeMagicDemoTests.swift; sourceTree = "<group>"; };
		141D9C092857056B008D19C2 /* CodeMagicDemoUITests.xctest */ = {isa = PBXFileReference; explicitFileType = wrapper.cfbundle; includeInIndex = 0; path = CodeMagicDemoUITests.xctest; sourceTree = BUILT_PRODUCTS_DIR; };
		141D9C0D2857056B008D19C2 /* CodeMagicDemoUITests.swift */ = {isa = PBXFileReference; lastKnownFileType = sourcecode.swift; path = CodeMagicDemoUITests.swift; sourceTree = "<group>"; };
		141D9C0F2857056B008D19C2 /* CodeMagicDemoUITestsLaunchTests.swift */ = {isa = PBXFileReference; lastKnownFileType = sourcecode.swift; path = CodeMagicDemoUITestsLaunchTests.swift; sourceTree = "<group>"; };
		1476031F2857744800095566 /* Staging.xcconfig */ = {isa = PBXFileReference; lastKnownFileType = text.xcconfig; path = Staging.xcconfig; sourceTree = "<group>"; };
		14760320285774A800095566 /* Release.xcconfig */ = {isa = PBXFileReference; lastKnownFileType = text.xcconfig; path = Release.xcconfig; sourceTree = "<group>"; };
		14760321285774B700095566 /* Debug.xcconfig */ = {isa = PBXFileReference; lastKnownFileType = text.xcconfig; path = Debug.xcconfig; sourceTree = "<group>"; };
		4AE72D4DBC58192DF81E622D /* Pods-CodeMagicDemoTests.debug.xcconfig */ = {isa = PBXFileReference; includeInIndex = 1; lastKnownFileType = text.xcconfig; name = "Pods-CodeMagicDemoTests.debug.xcconfig"; path = "Target Support Files/Pods-CodeMagicDemoTests/Pods-CodeMagicDemoTests.debug.xcconfig"; sourceTree = "<group>"; };
		5757A1A8DC0284EBB46CBDED /* Pods_CodeMagicDemo.framework */ = {isa = PBXFileReference; explicitFileType = wrapper.framework; includeInIndex = 0; path = Pods_CodeMagicDemo.framework; sourceTree = BUILT_PRODUCTS_DIR; };
		5EF1F5695D12080100E76E2A /* Pods-CodeMagicDemoTests.staging.xcconfig */ = {isa = PBXFileReference; includeInIndex = 1; lastKnownFileType = text.xcconfig; name = "Pods-CodeMagicDemoTests.staging.xcconfig"; path = "Target Support Files/Pods-CodeMagicDemoTests/Pods-CodeMagicDemoTests.staging.xcconfig"; sourceTree = "<group>"; };
		615230ED22DAB2516EBDA14E /* Pods-CodeMagicDemo-CodeMagicDemoUITests.staging.xcconfig */ = {isa = PBXFileReference; includeInIndex = 1; lastKnownFileType = text.xcconfig; name = "Pods-CodeMagicDemo-CodeMagicDemoUITests.staging.xcconfig"; path = "Target Support Files/Pods-CodeMagicDemo-CodeMagicDemoUITests/Pods-CodeMagicDemo-CodeMagicDemoUITests.staging.xcconfig"; sourceTree = "<group>"; };
		6365B10A418BAAC50F318CCC /* Pods-CodeMagicDemoTests.release.xcconfig */ = {isa = PBXFileReference; includeInIndex = 1; lastKnownFileType = text.xcconfig; name = "Pods-CodeMagicDemoTests.release.xcconfig"; path = "Target Support Files/Pods-CodeMagicDemoTests/Pods-CodeMagicDemoTests.release.xcconfig"; sourceTree = "<group>"; };
		64F4C25ABF491A654497F468 /* Pods-CodeMagicDemo.debug.xcconfig */ = {isa = PBXFileReference; includeInIndex = 1; lastKnownFileType = text.xcconfig; name = "Pods-CodeMagicDemo.debug.xcconfig"; path = "Target Support Files/Pods-CodeMagicDemo/Pods-CodeMagicDemo.debug.xcconfig"; sourceTree = "<group>"; };
		870C4C514FA6A93295BC4D00 /* Pods_CodeMagicDemo_CodeMagicDemoUITests.framework */ = {isa = PBXFileReference; explicitFileType = wrapper.framework; includeInIndex = 0; path = Pods_CodeMagicDemo_CodeMagicDemoUITests.framework; sourceTree = BUILT_PRODUCTS_DIR; };
		9DC6A6BB644E3C006958EFC9 /* Pods-CodeMagicDemo.staging.xcconfig */ = {isa = PBXFileReference; includeInIndex = 1; lastKnownFileType = text.xcconfig; name = "Pods-CodeMagicDemo.staging.xcconfig"; path = "Target Support Files/Pods-CodeMagicDemo/Pods-CodeMagicDemo.staging.xcconfig"; sourceTree = "<group>"; };
		9E0F95596F8B83CB4BDF7D80 /* Pods-CodeMagicDemo.release.xcconfig */ = {isa = PBXFileReference; includeInIndex = 1; lastKnownFileType = text.xcconfig; name = "Pods-CodeMagicDemo.release.xcconfig"; path = "Target Support Files/Pods-CodeMagicDemo/Pods-CodeMagicDemo.release.xcconfig"; sourceTree = "<group>"; };
		B5CAF6B9E4AD9FD5CD52339D /* Pods-CodeMagicDemo-CodeMagicDemoUITests.release.xcconfig */ = {isa = PBXFileReference; includeInIndex = 1; lastKnownFileType = text.xcconfig; name = "Pods-CodeMagicDemo-CodeMagicDemoUITests.release.xcconfig"; path = "Target Support Files/Pods-CodeMagicDemo-CodeMagicDemoUITests/Pods-CodeMagicDemo-CodeMagicDemoUITests.release.xcconfig"; sourceTree = "<group>"; };
		F7853264B04C4FCD4549ED6B /* Pods_CodeMagicDemoTests.framework */ = {isa = PBXFileReference; explicitFileType = wrapper.framework; includeInIndex = 0; path = Pods_CodeMagicDemoTests.framework; sourceTree = BUILT_PRODUCTS_DIR; };
		F946A3AB33BC559827A1CEAE /* Pods-CodeMagicDemo-CodeMagicDemoUITests.debug.xcconfig */ = {isa = PBXFileReference; includeInIndex = 1; lastKnownFileType = text.xcconfig; name = "Pods-CodeMagicDemo-CodeMagicDemoUITests.debug.xcconfig"; path = "Target Support Files/Pods-CodeMagicDemo-CodeMagicDemoUITests/Pods-CodeMagicDemo-CodeMagicDemoUITests.debug.xcconfig"; sourceTree = "<group>"; };
/* End PBXFileReference section */

/* Begin PBXFrameworksBuildPhase section */
		141D9BEC28570569008D19C2 /* Frameworks */ = {
			isa = PBXFrameworksBuildPhase;
			buildActionMask = 2147483647;
			files = (
				1764F7DBBD7D1927F8637C18 /* Pods_CodeMagicDemo.framework in Frameworks */,
			);
			runOnlyForDeploymentPostprocessing = 0;
		};
		141D9BFC2857056B008D19C2 /* Frameworks */ = {
			isa = PBXFrameworksBuildPhase;
			buildActionMask = 2147483647;
			files = (
				DD32405C32F6E1846EC2D855 /* Pods_CodeMagicDemoTests.framework in Frameworks */,
			);
			runOnlyForDeploymentPostprocessing = 0;
		};
		141D9C062857056B008D19C2 /* Frameworks */ = {
			isa = PBXFrameworksBuildPhase;
			buildActionMask = 2147483647;
			files = (
				A54A784C5BFACDEDD44CDFA8 /* Pods_CodeMagicDemo_CodeMagicDemoUITests.framework in Frameworks */,
			);
			runOnlyForDeploymentPostprocessing = 0;
		};
/* End PBXFrameworksBuildPhase section */

/* Begin PBXGroup section */
		141D9BE628570569008D19C2 = {
			isa = PBXGroup;
			children = (
				14760321285774B700095566 /* Debug.xcconfig */,
				14760320285774A800095566 /* Release.xcconfig */,
				1476031F2857744800095566 /* Staging.xcconfig */,
				141D9BF128570569008D19C2 /* CodeMagicDemo */,
				141D9C022857056B008D19C2 /* CodeMagicDemoTests */,
				141D9C0C2857056B008D19C2 /* CodeMagicDemoUITests */,
				141D9BF028570569008D19C2 /* Products */,
				6D5DBDC09A3C177DC086D77B /* Pods */,
				C274A7A3F99C6762C9CCA771 /* Frameworks */,
			);
			sourceTree = "<group>";
		};
		141D9BF028570569008D19C2 /* Products */ = {
			isa = PBXGroup;
			children = (
				141D9BEF28570569008D19C2 /* CodeMagicDemo2.app */,
				141D9BFF2857056B008D19C2 /* CodeMagicDemoTests.xctest */,
				141D9C092857056B008D19C2 /* CodeMagicDemoUITests.xctest */,
			);
			name = Products;
			sourceTree = "<group>";
		};
		141D9BF128570569008D19C2 /* CodeMagicDemo */ = {
			isa = PBXGroup;
			children = (
				141D9BF228570569008D19C2 /* CodeMagicDemoApp.swift */,
				141D9BF428570569008D19C2 /* ContentView.swift */,
				141D9BF62857056B008D19C2 /* Assets.xcassets */,
				141D9BF82857056B008D19C2 /* Preview Content */,
			);
			path = CodeMagicDemo;
			sourceTree = "<group>";
		};
		141D9BF82857056B008D19C2 /* Preview Content */ = {
			isa = PBXGroup;
			children = (
				141D9BF92857056B008D19C2 /* Preview Assets.xcassets */,
			);
			path = "Preview Content";
			sourceTree = "<group>";
		};
		141D9C022857056B008D19C2 /* CodeMagicDemoTests */ = {
			isa = PBXGroup;
			children = (
				141D9C032857056B008D19C2 /* CodeMagicDemoTests.swift */,
			);
			path = CodeMagicDemoTests;
			sourceTree = "<group>";
		};
		141D9C0C2857056B008D19C2 /* CodeMagicDemoUITests */ = {
			isa = PBXGroup;
			children = (
				141D9C0D2857056B008D19C2 /* CodeMagicDemoUITests.swift */,
				141D9C0F2857056B008D19C2 /* CodeMagicDemoUITestsLaunchTests.swift */,
			);
			path = CodeMagicDemoUITests;
			sourceTree = "<group>";
		};
		6D5DBDC09A3C177DC086D77B /* Pods */ = {
			isa = PBXGroup;
			children = (
				64F4C25ABF491A654497F468 /* Pods-CodeMagicDemo.debug.xcconfig */,
				9DC6A6BB644E3C006958EFC9 /* Pods-CodeMagicDemo.staging.xcconfig */,
				9E0F95596F8B83CB4BDF7D80 /* Pods-CodeMagicDemo.release.xcconfig */,
				F946A3AB33BC559827A1CEAE /* Pods-CodeMagicDemo-CodeMagicDemoUITests.debug.xcconfig */,
				615230ED22DAB2516EBDA14E /* Pods-CodeMagicDemo-CodeMagicDemoUITests.staging.xcconfig */,
				B5CAF6B9E4AD9FD5CD52339D /* Pods-CodeMagicDemo-CodeMagicDemoUITests.release.xcconfig */,
				4AE72D4DBC58192DF81E622D /* Pods-CodeMagicDemoTests.debug.xcconfig */,
				5EF1F5695D12080100E76E2A /* Pods-CodeMagicDemoTests.staging.xcconfig */,
				6365B10A418BAAC50F318CCC /* Pods-CodeMagicDemoTests.release.xcconfig */,
			);
			path = Pods;
			sourceTree = "<group>";
		};
		C274A7A3F99C6762C9CCA771 /* Frameworks */ = {
			isa = PBXGroup;
			children = (
				5757A1A8DC0284EBB46CBDED /* Pods_CodeMagicDemo.framework */,
				870C4C514FA6A93295BC4D00 /* Pods_CodeMagicDemo_CodeMagicDemoUITests.framework */,
				F7853264B04C4FCD4549ED6B /* Pods_CodeMagicDemoTests.framework */,
			);
			name = Frameworks;
			sourceTree = "<group>";
		};
/* End PBXGroup section */

/* Begin PBXNativeTarget section */
		141D9BEE28570569008D19C2 /* CodeMagicDemo */ = {
			isa = PBXNativeTarget;
			buildConfigurationList = 141D9C132857056B008D19C2 /* Build configuration list for PBXNativeTarget "CodeMagicDemo" */;
			buildPhases = (
				12B51CDA4D489DA1A76372DA /* [CP] Check Pods Manifest.lock */,
				141D9BEB28570569008D19C2 /* Sources */,
				141D9BEC28570569008D19C2 /* Frameworks */,
				141D9BED28570569008D19C2 /* Resources */,
			);
			buildRules = (
			);
			dependencies = (
			);
			name = CodeMagicDemo;
			productName = CodeMagicDemo;
			productReference = 141D9BEF28570569008D19C2 /* CodeMagicDemo2.app */;
			productType = "com.apple.product-type.application";
		};
		141D9BFE2857056B008D19C2 /* CodeMagicDemoTests */ = {
			isa = PBXNativeTarget;
			buildConfigurationList = 141D9C162857056B008D19C2 /* Build configuration list for PBXNativeTarget "CodeMagicDemoTests" */;
			buildPhases = (
				3794B85DF65206F53E50EA24 /* [CP] Check Pods Manifest.lock */,
				141D9BFB2857056B008D19C2 /* Sources */,
				141D9BFC2857056B008D19C2 /* Frameworks */,
				141D9BFD2857056B008D19C2 /* Resources */,
			);
			buildRules = (
			);
			dependencies = (
				141D9C012857056B008D19C2 /* PBXTargetDependency */,
			);
			name = CodeMagicDemoTests;
			productName = CodeMagicDemoTests;
			productReference = 141D9BFF2857056B008D19C2 /* CodeMagicDemoTests.xctest */;
			productType = "com.apple.product-type.bundle.unit-test";
		};
		141D9C082857056B008D19C2 /* CodeMagicDemoUITests */ = {
			isa = PBXNativeTarget;
			buildConfigurationList = 141D9C192857056B008D19C2 /* Build configuration list for PBXNativeTarget "CodeMagicDemoUITests" */;
			buildPhases = (
				4448C59B053EBB83BA8A18A5 /* [CP] Check Pods Manifest.lock */,
				141D9C052857056B008D19C2 /* Sources */,
				141D9C062857056B008D19C2 /* Frameworks */,
				141D9C072857056B008D19C2 /* Resources */,
				161FE1517D7218F0C7A91869 /* [CP] Embed Pods Frameworks */,
			);
			buildRules = (
			);
			dependencies = (
				141D9C0B2857056B008D19C2 /* PBXTargetDependency */,
			);
			name = CodeMagicDemoUITests;
			productName = CodeMagicDemoUITests;
			productReference = 141D9C092857056B008D19C2 /* CodeMagicDemoUITests.xctest */;
			productType = "com.apple.product-type.bundle.ui-testing";
		};
/* End PBXNativeTarget section */

/* Begin PBXProject section */
		141D9BE728570569008D19C2 /* Project object */ = {
			isa = PBXProject;
			attributes = {
				BuildIndependentTargetsInParallel = 1;
				LastSwiftUpdateCheck = 1340;
				LastUpgradeCheck = 1340;
				TargetAttributes = {
					141D9BEE28570569008D19C2 = {
						CreatedOnToolsVersion = 13.4.1;
					};
					141D9BFE2857056B008D19C2 = {
						CreatedOnToolsVersion = 13.4.1;
						TestTargetID = 141D9BEE28570569008D19C2;
					};
					141D9C082857056B008D19C2 = {
						CreatedOnToolsVersion = 13.4.1;
						TestTargetID = 141D9BEE28570569008D19C2;
					};
				};
			};
			buildConfigurationList = 141D9BEA28570569008D19C2 /* Build configuration list for PBXProject "CodeMagicDemo" */;
			compatibilityVersion = "Xcode 13.0";
			developmentRegion = en;
			hasScannedForEncodings = 0;
			knownRegions = (
				en,
				Base,
			);
			mainGroup = 141D9BE628570569008D19C2;
			productRefGroup = 141D9BF028570569008D19C2 /* Products */;
			projectDirPath = "";
			projectRoot = "";
			targets = (
				141D9BEE28570569008D19C2 /* CodeMagicDemo */,
				141D9BFE2857056B008D19C2 /* CodeMagicDemoTests */,
				141D9C082857056B008D19C2 /* CodeMagicDemoUITests */,
			);
		};
/* End PBXProject section */

/* Begin PBXResourcesBuildPhase section */
		141D9BED28570569008D19C2 /* Resources */ = {
			isa = PBXResourcesBuildPhase;
			buildActionMask = 2147483647;
			files = (
				141D9BFA2857056B008D19C2 /* Preview Assets.xcassets in Resources */,
				141D9BF72857056B008D19C2 /* Assets.xcassets in Resources */,
			);
			runOnlyForDeploymentPostprocessing = 0;
		};
		141D9BFD2857056B008D19C2 /* Resources */ = {
			isa = PBXResourcesBuildPhase;
			buildActionMask = 2147483647;
			files = (
			);
			runOnlyForDeploymentPostprocessing = 0;
		};
		141D9C072857056B008D19C2 /* Resources */ = {
			isa = PBXResourcesBuildPhase;
			buildActionMask = 2147483647;
			files = (
			);
			runOnlyForDeploymentPostprocessing = 0;
		};
/* End PBXResourcesBuildPhase section */

/* Begin PBXShellScriptBuildPhase section */
		12B51CDA4D489DA1A76372DA /* [CP] Check Pods Manifest.lock */ = {
			isa = PBXShellScriptBuildPhase;
			buildActionMask = 2147483647;
			files = (
			);
			inputFileListPaths = (
			);
			inputPaths = (
				"${PODS_PODFILE_DIR_PATH}/Podfile.lock",
				"${PODS_ROOT}/Manifest.lock",
			);
			name = "[CP] Check Pods Manifest.lock";
			outputFileListPaths = (
			);
			outputPaths = (
				"$(DERIVED_FILE_DIR)/Pods-CodeMagicDemo-checkManifestLockResult.txt",
			);
			runOnlyForDeploymentPostprocessing = 0;
			shellPath = /bin/sh;
			shellScript = "diff \"${PODS_PODFILE_DIR_PATH}/Podfile.lock\" \"${PODS_ROOT}/Manifest.lock\" > /dev/null\nif [ $? != 0 ] ; then\n    # print error to STDERR\n    echo \"error: The sandbox is not in sync with the Podfile.lock. Run 'pod install' or update your CocoaPods installation.\" >&2\n    exit 1\nfi\n# This output is used by Xcode 'outputs' to avoid re-running this script phase.\necho \"SUCCESS\" > \"${SCRIPT_OUTPUT_FILE_0}\"\n";
			showEnvVarsInLog = 0;
		};
		161FE1517D7218F0C7A91869 /* [CP] Embed Pods Frameworks */ = {
			isa = PBXShellScriptBuildPhase;
			buildActionMask = 2147483647;
			files = (
			);
			inputFileListPaths = (
				"${PODS_ROOT}/Target Support Files/Pods-CodeMagicDemo-CodeMagicDemoUITests/Pods-CodeMagicDemo-CodeMagicDemoUITests-frameworks-${CONFIGURATION}-input-files.xcfilelist",
			);
			name = "[CP] Embed Pods Frameworks";
			outputFileListPaths = (
				"${PODS_ROOT}/Target Support Files/Pods-CodeMagicDemo-CodeMagicDemoUITests/Pods-CodeMagicDemo-CodeMagicDemoUITests-frameworks-${CONFIGURATION}-output-files.xcfilelist",
			);
			runOnlyForDeploymentPostprocessing = 0;
			shellPath = /bin/sh;
			shellScript = "\"${PODS_ROOT}/Target Support Files/Pods-CodeMagicDemo-CodeMagicDemoUITests/Pods-CodeMagicDemo-CodeMagicDemoUITests-frameworks.sh\"\n";
			showEnvVarsInLog = 0;
		};
		3794B85DF65206F53E50EA24 /* [CP] Check Pods Manifest.lock */ = {
			isa = PBXShellScriptBuildPhase;
			buildActionMask = 2147483647;
			files = (
			);
			inputFileListPaths = (
			);
			inputPaths = (
				"${PODS_PODFILE_DIR_PATH}/Podfile.lock",
				"${PODS_ROOT}/Manifest.lock",
			);
			name = "[CP] Check Pods Manifest.lock";
			outputFileListPaths = (
			);
			outputPaths = (
				"$(DERIVED_FILE_DIR)/Pods-CodeMagicDemoTests-checkManifestLockResult.txt",
			);
			runOnlyForDeploymentPostprocessing = 0;
			shellPath = /bin/sh;
			shellScript = "diff \"${PODS_PODFILE_DIR_PATH}/Podfile.lock\" \"${PODS_ROOT}/Manifest.lock\" > /dev/null\nif [ $? != 0 ] ; then\n    # print error to STDERR\n    echo \"error: The sandbox is not in sync with the Podfile.lock. Run 'pod install' or update your CocoaPods installation.\" >&2\n    exit 1\nfi\n# This output is used by Xcode 'outputs' to avoid re-running this script phase.\necho \"SUCCESS\" > \"${SCRIPT_OUTPUT_FILE_0}\"\n";
			showEnvVarsInLog = 0;
		};
		4448C59B053EBB83BA8A18A5 /* [CP] Check Pods Manifest.lock */ = {
			isa = PBXShellScriptBuildPhase;
			buildActionMask = 2147483647;
			files = (
			);
			inputFileListPaths = (
			);
			inputPaths = (
				"${PODS_PODFILE_DIR_PATH}/Podfile.lock",
				"${PODS_ROOT}/Manifest.lock",
			);
			name = "[CP] Check Pods Manifest.lock";
			outputFileListPaths = (
			);
			outputPaths = (
				"$(DERIVED_FILE_DIR)/Pods-CodeMagicDemo-CodeMagicDemoUITests-checkManifestLockResult.txt",
			);
			runOnlyForDeploymentPostprocessing = 0;
			shellPath = /bin/sh;
			shellScript = "diff \"${PODS_PODFILE_DIR_PATH}/Podfile.lock\" \"${PODS_ROOT}/Manifest.lock\" > /dev/null\nif [ $? != 0 ] ; then\n    # print error to STDERR\n    echo \"error: The sandbox is not in sync with the Podfile.lock. Run 'pod install' or update your CocoaPods installation.\" >&2\n    exit 1\nfi\n# This output is used by Xcode 'outputs' to avoid re-running this script phase.\necho \"SUCCESS\" > \"${SCRIPT_OUTPUT_FILE_0}\"\n";
			showEnvVarsInLog = 0;
		};
/* End PBXShellScriptBuildPhase section */

/* Begin PBXSourcesBuildPhase section */
		141D9BEB28570569008D19C2 /* Sources */ = {
			isa = PBXSourcesBuildPhase;
			buildActionMask = 2147483647;
			files = (
				141D9BF528570569008D19C2 /* ContentView.swift in Sources */,
				141D9BF328570569008D19C2 /* CodeMagicDemoApp.swift in Sources */,
			);
			runOnlyForDeploymentPostprocessing = 0;
		};
		141D9BFB2857056B008D19C2 /* Sources */ = {
			isa = PBXSourcesBuildPhase;
			buildActionMask = 2147483647;
			files = (
				141D9C042857056B008D19C2 /* CodeMagicDemoTests.swift in Sources */,
			);
			runOnlyForDeploymentPostprocessing = 0;
		};
		141D9C052857056B008D19C2 /* Sources */ = {
			isa = PBXSourcesBuildPhase;
			buildActionMask = 2147483647;
			files = (
				141D9C102857056B008D19C2 /* CodeMagicDemoUITestsLaunchTests.swift in Sources */,
				141D9C0E2857056B008D19C2 /* CodeMagicDemoUITests.swift in Sources */,
			);
			runOnlyForDeploymentPostprocessing = 0;
		};
/* End PBXSourcesBuildPhase section */

/* Begin PBXTargetDependency section */
		141D9C012857056B008D19C2 /* PBXTargetDependency */ = {
			isa = PBXTargetDependency;
			target = 141D9BEE28570569008D19C2 /* CodeMagicDemo */;
			targetProxy = 141D9C002857056B008D19C2 /* PBXContainerItemProxy */;
		};
		141D9C0B2857056B008D19C2 /* PBXTargetDependency */ = {
			isa = PBXTargetDependency;
			target = 141D9BEE28570569008D19C2 /* CodeMagicDemo */;
			targetProxy = 141D9C0A2857056B008D19C2 /* PBXContainerItemProxy */;
		};
/* End PBXTargetDependency section */

/* Begin XCBuildConfiguration section */
		141D9C112857056B008D19C2 /* Debug */ = {
			isa = XCBuildConfiguration;
			baseConfigurationReference = 14760321285774B700095566 /* Debug.xcconfig */;
			buildSettings = {
				ALWAYS_SEARCH_USER_PATHS = NO;
				CLANG_ANALYZER_NONNULL = YES;
				CLANG_ANALYZER_NUMBER_OBJECT_CONVERSION = YES_AGGRESSIVE;
				CLANG_CXX_LANGUAGE_STANDARD = "gnu++17";
				CLANG_ENABLE_MODULES = YES;
				CLANG_ENABLE_OBJC_ARC = YES;
				CLANG_ENABLE_OBJC_WEAK = YES;
				CLANG_WARN_BLOCK_CAPTURE_AUTORELEASING = YES;
				CLANG_WARN_BOOL_CONVERSION = YES;
				CLANG_WARN_COMMA = YES;
				CLANG_WARN_CONSTANT_CONVERSION = YES;
				CLANG_WARN_DEPRECATED_OBJC_IMPLEMENTATIONS = YES;
				CLANG_WARN_DIRECT_OBJC_ISA_USAGE = YES_ERROR;
				CLANG_WARN_DOCUMENTATION_COMMENTS = YES;
				CLANG_WARN_EMPTY_BODY = YES;
				CLANG_WARN_ENUM_CONVERSION = YES;
				CLANG_WARN_INFINITE_RECURSION = YES;
				CLANG_WARN_INT_CONVERSION = YES;
				CLANG_WARN_NON_LITERAL_NULL_CONVERSION = YES;
				CLANG_WARN_OBJC_IMPLICIT_RETAIN_SELF = YES;
				CLANG_WARN_OBJC_LITERAL_CONVERSION = YES;
				CLANG_WARN_OBJC_ROOT_CLASS = YES_ERROR;
				CLANG_WARN_QUOTED_INCLUDE_IN_FRAMEWORK_HEADER = YES;
				CLANG_WARN_RANGE_LOOP_ANALYSIS = YES;
				CLANG_WARN_STRICT_PROTOTYPES = YES;
				CLANG_WARN_SUSPICIOUS_MOVE = YES;
				CLANG_WARN_UNGUARDED_AVAILABILITY = YES_AGGRESSIVE;
				CLANG_WARN_UNREACHABLE_CODE = YES;
				CLANG_WARN__DUPLICATE_METHOD_MATCH = YES;
				COPY_PHASE_STRIP = NO;
				DEBUG_INFORMATION_FORMAT = dwarf;
				ENABLE_STRICT_OBJC_MSGSEND = YES;
				ENABLE_TESTABILITY = YES;
				GCC_C_LANGUAGE_STANDARD = gnu11;
				GCC_DYNAMIC_NO_PIC = NO;
				GCC_NO_COMMON_BLOCKS = YES;
				GCC_OPTIMIZATION_LEVEL = 0;
				GCC_PREPROCESSOR_DEFINITIONS = (
					"DEBUG=1",
					"$(inherited)",
				);
				GCC_WARN_64_TO_32_BIT_CONVERSION = YES;
				GCC_WARN_ABOUT_RETURN_TYPE = YES_ERROR;
				GCC_WARN_UNDECLARED_SELECTOR = YES;
				GCC_WARN_UNINITIALIZED_AUTOS = YES_AGGRESSIVE;
				GCC_WARN_UNUSED_FUNCTION = YES;
				GCC_WARN_UNUSED_VARIABLE = YES;
				IPHONEOS_DEPLOYMENT_TARGET = 15.5;
				MTL_ENABLE_DEBUG_INFO = INCLUDE_SOURCE;
				MTL_FAST_MATH = YES;
				ONLY_ACTIVE_ARCH = YES;
				SDKROOT = iphoneos;
				SWIFT_ACTIVE_COMPILATION_CONDITIONS = DEBUG;
				SWIFT_OPTIMIZATION_LEVEL = "-Onone";
			};
			name = Debug;
		};
		141D9C122857056B008D19C2 /* Release */ = {
			isa = XCBuildConfiguration;
			baseConfigurationReference = 14760320285774A800095566 /* Release.xcconfig */;
			buildSettings = {
				ALWAYS_SEARCH_USER_PATHS = NO;
				CLANG_ANALYZER_NONNULL = YES;
				CLANG_ANALYZER_NUMBER_OBJECT_CONVERSION = YES_AGGRESSIVE;
				CLANG_CXX_LANGUAGE_STANDARD = "gnu++17";
				CLANG_ENABLE_MODULES = YES;
				CLANG_ENABLE_OBJC_ARC = YES;
				CLANG_ENABLE_OBJC_WEAK = YES;
				CLANG_WARN_BLOCK_CAPTURE_AUTORELEASING = YES;
				CLANG_WARN_BOOL_CONVERSION = YES;
				CLANG_WARN_COMMA = YES;
				CLANG_WARN_CONSTANT_CONVERSION = YES;
				CLANG_WARN_DEPRECATED_OBJC_IMPLEMENTATIONS = YES;
				CLANG_WARN_DIRECT_OBJC_ISA_USAGE = YES_ERROR;
				CLANG_WARN_DOCUMENTATION_COMMENTS = YES;
				CLANG_WARN_EMPTY_BODY = YES;
				CLANG_WARN_ENUM_CONVERSION = YES;
				CLANG_WARN_INFINITE_RECURSION = YES;
				CLANG_WARN_INT_CONVERSION = YES;
				CLANG_WARN_NON_LITERAL_NULL_CONVERSION = YES;
				CLANG_WARN_OBJC_IMPLICIT_RETAIN_SELF = YES;
				CLANG_WARN_OBJC_LITERAL_CONVERSION = YES;
				CLANG_WARN_OBJC_ROOT_CLASS = YES_ERROR;
				CLANG_WARN_QUOTED_INCLUDE_IN_FRAMEWORK_HEADER = YES;
				CLANG_WARN_RANGE_LOOP_ANALYSIS = YES;
				CLANG_WARN_STRICT_PROTOTYPES = YES;
				CLANG_WARN_SUSPICIOUS_MOVE = YES;
				CLANG_WARN_UNGUARDED_AVAILABILITY = YES_AGGRESSIVE;
				CLANG_WARN_UNREACHABLE_CODE = YES;
				CLANG_WARN__DUPLICATE_METHOD_MATCH = YES;
				COPY_PHASE_STRIP = NO;
				DEBUG_INFORMATION_FORMAT = "dwarf-with-dsym";
				ENABLE_NS_ASSERTIONS = NO;
				ENABLE_STRICT_OBJC_MSGSEND = YES;
				GCC_C_LANGUAGE_STANDARD = gnu11;
				GCC_NO_COMMON_BLOCKS = YES;
				GCC_WARN_64_TO_32_BIT_CONVERSION = YES;
				GCC_WARN_ABOUT_RETURN_TYPE = YES_ERROR;
				GCC_WARN_UNDECLARED_SELECTOR = YES;
				GCC_WARN_UNINITIALIZED_AUTOS = YES_AGGRESSIVE;
				GCC_WARN_UNUSED_FUNCTION = YES;
				GCC_WARN_UNUSED_VARIABLE = YES;
				IPHONEOS_DEPLOYMENT_TARGET = 15.5;
				MTL_ENABLE_DEBUG_INFO = NO;
				MTL_FAST_MATH = YES;
				SDKROOT = iphoneos;
				SWIFT_COMPILATION_MODE = wholemodule;
				SWIFT_OPTIMIZATION_LEVEL = "-O";
				VALIDATE_PRODUCT = YES;
			};
			name = Release;
		};
		141D9C142857056B008D19C2 /* Debug */ = {
			isa = XCBuildConfiguration;
			baseConfigurationReference = 64F4C25ABF491A654497F468 /* Pods-CodeMagicDemo.debug.xcconfig */;
			buildSettings = {
				ALWAYS_EMBED_SWIFT_STANDARD_LIBRARIES = "$(inherited)";
				ASSETCATALOG_COMPILER_APPICON_NAME = AppIcon;
				ASSETCATALOG_COMPILER_GLOBAL_ACCENT_COLOR_NAME = AccentColor;
				CODE_SIGN_IDENTITY = "iPhone Distribution";
				CODE_SIGN_STYLE = Manual;
				CURRENT_PROJECT_VERSION = 12;
				DEVELOPMENT_ASSET_PATHS = "\"CodeMagicDemo/Preview Content\"";
				DEVELOPMENT_TEAM = Y99YQF5L64;
				ENABLE_PREVIEWS = YES;
				GENERATE_INFOPLIST_FILE = YES;
				INFOPLIST_KEY_UIApplicationSceneManifest_Generation = YES;
				INFOPLIST_KEY_UIApplicationSupportsIndirectInputEvents = YES;
				INFOPLIST_KEY_UILaunchScreen_Generation = YES;
				INFOPLIST_KEY_UISupportedInterfaceOrientations_iPad = "UIInterfaceOrientationPortrait UIInterfaceOrientationPortraitUpsideDown UIInterfaceOrientationLandscapeLeft UIInterfaceOrientationLandscapeRight";
				INFOPLIST_KEY_UISupportedInterfaceOrientations_iPhone = "UIInterfaceOrientationPortrait UIInterfaceOrientationLandscapeLeft UIInterfaceOrientationLandscapeRight";
				IPHONEOS_DEPLOYMENT_TARGET = 15.0;
				LD_RUNPATH_SEARCH_PATHS = (
					"$(inherited)",
					"@executable_path/Frameworks",
				);
				MARKETING_VERSION = 1.0;
				PRODUCT_BUNDLE_IDENTIFIER = net.artkernel.CodeMagicDemo2;
				PRODUCT_NAME = CodeMagicDemo2;
				PROVISIONING_PROFILE_SPECIFIER = "match AppStore net.artkernel.CodeMagicDemo2";
				SWIFT_EMIT_LOC_STRINGS = YES;
				SWIFT_VERSION = 5.0;
				TARGETED_DEVICE_FAMILY = "1,2";
			};
			name = Debug;
		};
		141D9C152857056B008D19C2 /* Release */ = {
			isa = XCBuildConfiguration;
			baseConfigurationReference = 9E0F95596F8B83CB4BDF7D80 /* Pods-CodeMagicDemo.release.xcconfig */;
			buildSettings = {
				ALWAYS_EMBED_SWIFT_STANDARD_LIBRARIES = "$(inherited)";
				ASSETCATALOG_COMPILER_APPICON_NAME = AppIcon;
				ASSETCATALOG_COMPILER_GLOBAL_ACCENT_COLOR_NAME = AccentColor;
				CODE_SIGN_IDENTITY = "iPhone Distribution";
				CODE_SIGN_STYLE = Manual;
				CURRENT_PROJECT_VERSION = 12;
				DEVELOPMENT_ASSET_PATHS = "\"CodeMagicDemo/Preview Content\"";
				DEVELOPMENT_TEAM = Y99YQF5L64;
				ENABLE_PREVIEWS = YES;
				GENERATE_INFOPLIST_FILE = YES;
				INFOPLIST_KEY_UIApplicationSceneManifest_Generation = YES;
				INFOPLIST_KEY_UIApplicationSupportsIndirectInputEvents = YES;
				INFOPLIST_KEY_UILaunchScreen_Generation = YES;
				INFOPLIST_KEY_UISupportedInterfaceOrientations_iPad = "UIInterfaceOrientationPortrait UIInterfaceOrientationPortraitUpsideDown UIInterfaceOrientationLandscapeLeft UIInterfaceOrientationLandscapeRight";
				INFOPLIST_KEY_UISupportedInterfaceOrientations_iPhone = "UIInterfaceOrientationPortrait UIInterfaceOrientationLandscapeLeft UIInterfaceOrientationLandscapeRight";
				IPHONEOS_DEPLOYMENT_TARGET = 15.0;
				LD_RUNPATH_SEARCH_PATHS = (
					"$(inherited)",
					"@executable_path/Frameworks",
				);
				MARKETING_VERSION = 1.0;
				PRODUCT_BUNDLE_IDENTIFIER = net.artkernel.CodeMagicDemo2;
				PRODUCT_NAME = CodeMagicDemo2;
				PROVISIONING_PROFILE_SPECIFIER = "match AppStore net.artkernel.CodeMagicDemo2";
				SWIFT_EMIT_LOC_STRINGS = YES;
				SWIFT_VERSION = 5.0;
				TARGETED_DEVICE_FAMILY = "1,2";
			};
			name = Release;
		};
		141D9C172857056B008D19C2 /* Debug */ = {
			isa = XCBuildConfiguration;
			baseConfigurationReference = 4AE72D4DBC58192DF81E622D /* Pods-CodeMagicDemoTests.debug.xcconfig */;
			buildSettings = {
				ALWAYS_EMBED_SWIFT_STANDARD_LIBRARIES = "$(inherited)";
				BUNDLE_LOADER = "$(TEST_HOST)";
				CODE_SIGN_STYLE = Automatic;
				CURRENT_PROJECT_VERSION = 12;
				DEVELOPMENT_TEAM = H9M477FJFS;
				GENERATE_INFOPLIST_FILE = YES;
				IPHONEOS_DEPLOYMENT_TARGET = 15.5;
				MARKETING_VERSION = 1.0;
				PRODUCT_BUNDLE_IDENTIFIER = net.artkernel.CodeMagicDemoTests;
				PRODUCT_NAME = "$(TARGET_NAME)";
				SWIFT_EMIT_LOC_STRINGS = NO;
				SWIFT_VERSION = 5.0;
				TARGETED_DEVICE_FAMILY = "1,2";
				TEST_HOST = "$(BUILT_PRODUCTS_DIR)/CodeMagicDemo.app/CodeMagicDemo";
			};
			name = Debug;
		};
		141D9C182857056B008D19C2 /* Release */ = {
			isa = XCBuildConfiguration;
			baseConfigurationReference = 6365B10A418BAAC50F318CCC /* Pods-CodeMagicDemoTests.release.xcconfig */;
			buildSettings = {
				ALWAYS_EMBED_SWIFT_STANDARD_LIBRARIES = "$(inherited)";
				BUNDLE_LOADER = "$(TEST_HOST)";
				CODE_SIGN_STYLE = Automatic;
				CURRENT_PROJECT_VERSION = 12;
				DEVELOPMENT_TEAM = H9M477FJFS;
				GENERATE_INFOPLIST_FILE = YES;
				IPHONEOS_DEPLOYMENT_TARGET = 15.5;
				MARKETING_VERSION = 1.0;
				PRODUCT_BUNDLE_IDENTIFIER = net.artkernel.CodeMagicDemoTests;
				PRODUCT_NAME = "$(TARGET_NAME)";
				SWIFT_EMIT_LOC_STRINGS = NO;
				SWIFT_VERSION = 5.0;
				TARGETED_DEVICE_FAMILY = "1,2";
				TEST_HOST = "$(BUILT_PRODUCTS_DIR)/CodeMagicDemo.app/CodeMagicDemo";
			};
			name = Release;
		};
		141D9C1A2857056B008D19C2 /* Debug */ = {
			isa = XCBuildConfiguration;
			baseConfigurationReference = F946A3AB33BC559827A1CEAE /* Pods-CodeMagicDemo-CodeMagicDemoUITests.debug.xcconfig */;
			buildSettings = {
				ALWAYS_EMBED_SWIFT_STANDARD_LIBRARIES = "$(inherited)";
				CODE_SIGN_STYLE = Automatic;
				CURRENT_PROJECT_VERSION = 12;
				DEVELOPMENT_TEAM = H9M477FJFS;
				GENERATE_INFOPLIST_FILE = YES;
				MARKETING_VERSION = 1.0;
				PRODUCT_BUNDLE_IDENTIFIER = net.artkernel.CodeMagicDemoUITests;
				PRODUCT_NAME = "$(TARGET_NAME)";
				SWIFT_EMIT_LOC_STRINGS = NO;
				SWIFT_VERSION = 5.0;
				TARGETED_DEVICE_FAMILY = "1,2";
				TEST_TARGET_NAME = CodeMagicDemo;
			};
			name = Debug;
		};
		141D9C1B2857056B008D19C2 /* Release */ = {
			isa = XCBuildConfiguration;
			baseConfigurationReference = B5CAF6B9E4AD9FD5CD52339D /* Pods-CodeMagicDemo-CodeMagicDemoUITests.release.xcconfig */;
			buildSettings = {
				ALWAYS_EMBED_SWIFT_STANDARD_LIBRARIES = "$(inherited)";
				CODE_SIGN_STYLE = Automatic;
				CURRENT_PROJECT_VERSION = 12;
				DEVELOPMENT_TEAM = H9M477FJFS;
				GENERATE_INFOPLIST_FILE = YES;
				MARKETING_VERSION = 1.0;
				PRODUCT_BUNDLE_IDENTIFIER = net.artkernel.CodeMagicDemoUITests;
				PRODUCT_NAME = "$(TARGET_NAME)";
				SWIFT_EMIT_LOC_STRINGS = NO;
				SWIFT_VERSION = 5.0;
				TARGETED_DEVICE_FAMILY = "1,2";
				TEST_TARGET_NAME = CodeMagicDemo;
			};
			name = Release;
		};
		1476031B285773B100095566 /* Staging */ = {
			isa = XCBuildConfiguration;
			baseConfigurationReference = 1476031F2857744800095566 /* Staging.xcconfig */;
			buildSettings = {
				ALWAYS_SEARCH_USER_PATHS = NO;
				CLANG_ANALYZER_NONNULL = YES;
				CLANG_ANALYZER_NUMBER_OBJECT_CONVERSION = YES_AGGRESSIVE;
				CLANG_CXX_LANGUAGE_STANDARD = "gnu++17";
				CLANG_ENABLE_MODULES = YES;
				CLANG_ENABLE_OBJC_ARC = YES;
				CLANG_ENABLE_OBJC_WEAK = YES;
				CLANG_WARN_BLOCK_CAPTURE_AUTORELEASING = YES;
				CLANG_WARN_BOOL_CONVERSION = YES;
				CLANG_WARN_COMMA = YES;
				CLANG_WARN_CONSTANT_CONVERSION = YES;
				CLANG_WARN_DEPRECATED_OBJC_IMPLEMENTATIONS = YES;
				CLANG_WARN_DIRECT_OBJC_ISA_USAGE = YES_ERROR;
				CLANG_WARN_DOCUMENTATION_COMMENTS = YES;
				CLANG_WARN_EMPTY_BODY = YES;
				CLANG_WARN_ENUM_CONVERSION = YES;
				CLANG_WARN_INFINITE_RECURSION = YES;
				CLANG_WARN_INT_CONVERSION = YES;
				CLANG_WARN_NON_LITERAL_NULL_CONVERSION = YES;
				CLANG_WARN_OBJC_IMPLICIT_RETAIN_SELF = YES;
				CLANG_WARN_OBJC_LITERAL_CONVERSION = YES;
				CLANG_WARN_OBJC_ROOT_CLASS = YES_ERROR;
				CLANG_WARN_QUOTED_INCLUDE_IN_FRAMEWORK_HEADER = YES;
				CLANG_WARN_RANGE_LOOP_ANALYSIS = YES;
				CLANG_WARN_STRICT_PROTOTYPES = YES;
				CLANG_WARN_SUSPICIOUS_MOVE = YES;
				CLANG_WARN_UNGUARDED_AVAILABILITY = YES_AGGRESSIVE;
				CLANG_WARN_UNREACHABLE_CODE = YES;
				CLANG_WARN__DUPLICATE_METHOD_MATCH = YES;
				COPY_PHASE_STRIP = NO;
				DEBUG_INFORMATION_FORMAT = dwarf;
				ENABLE_STRICT_OBJC_MSGSEND = YES;
				ENABLE_TESTABILITY = YES;
				GCC_C_LANGUAGE_STANDARD = gnu11;
				GCC_DYNAMIC_NO_PIC = NO;
				GCC_NO_COMMON_BLOCKS = YES;
				GCC_OPTIMIZATION_LEVEL = 0;
				GCC_PREPROCESSOR_DEFINITIONS = (
					"DEBUG=1",
					"$(inherited)",
				);
				GCC_WARN_64_TO_32_BIT_CONVERSION = YES;
				GCC_WARN_ABOUT_RETURN_TYPE = YES_ERROR;
				GCC_WARN_UNDECLARED_SELECTOR = YES;
				GCC_WARN_UNINITIALIZED_AUTOS = YES_AGGRESSIVE;
				GCC_WARN_UNUSED_FUNCTION = YES;
				GCC_WARN_UNUSED_VARIABLE = YES;
				IPHONEOS_DEPLOYMENT_TARGET = 15.5;
				MTL_ENABLE_DEBUG_INFO = INCLUDE_SOURCE;
				MTL_FAST_MATH = YES;
				ONLY_ACTIVE_ARCH = YES;
				SDKROOT = iphoneos;
				SWIFT_ACTIVE_COMPILATION_CONDITIONS = DEBUG;
				SWIFT_OPTIMIZATION_LEVEL = "-Onone";
			};
			name = Staging;
		};
		1476031C285773B100095566 /* Staging */ = {
			isa = XCBuildConfiguration;
			baseConfigurationReference = 9DC6A6BB644E3C006958EFC9 /* Pods-CodeMagicDemo.staging.xcconfig */;
			buildSettings = {
				ALWAYS_EMBED_SWIFT_STANDARD_LIBRARIES = "$(inherited)";
				ASSETCATALOG_COMPILER_APPICON_NAME = AppIcon;
				ASSETCATALOG_COMPILER_GLOBAL_ACCENT_COLOR_NAME = AccentColor;
				CODE_SIGN_IDENTITY = "iPhone Distribution";
				CODE_SIGN_STYLE = Manual;
				CURRENT_PROJECT_VERSION = 12;
				DEVELOPMENT_ASSET_PATHS = "\"CodeMagicDemo/Preview Content\"";
				DEVELOPMENT_TEAM = Y99YQF5L64;
				ENABLE_PREVIEWS = YES;
				GENERATE_INFOPLIST_FILE = YES;
				INFOPLIST_KEY_UIApplicationSceneManifest_Generation = YES;
				INFOPLIST_KEY_UIApplicationSupportsIndirectInputEvents = YES;
				INFOPLIST_KEY_UILaunchScreen_Generation = YES;
				INFOPLIST_KEY_UISupportedInterfaceOrientations_iPad = "UIInterfaceOrientationPortrait UIInterfaceOrientationPortraitUpsideDown UIInterfaceOrientationLandscapeLeft UIInterfaceOrientationLandscapeRight";
				INFOPLIST_KEY_UISupportedInterfaceOrientations_iPhone = "UIInterfaceOrientationPortrait UIInterfaceOrientationLandscapeLeft UIInterfaceOrientationLandscapeRight";
				IPHONEOS_DEPLOYMENT_TARGET = 15.0;
				LD_RUNPATH_SEARCH_PATHS = (
					"$(inherited)",
					"@executable_path/Frameworks",
				);
				MARKETING_VERSION = 1.0;
				PRODUCT_BUNDLE_IDENTIFIER = net.artkernel.CodeMagicDemo2;
				PRODUCT_NAME = CodeMagicDemo2;
				PROVISIONING_PROFILE_SPECIFIER = "match AppStore net.artkernel.CodeMagicDemo2";
				SWIFT_EMIT_LOC_STRINGS = YES;
				SWIFT_VERSION = 5.0;
				TARGETED_DEVICE_FAMILY = "1,2";
			};
			name = Staging;
		};
		1476031D285773B100095566 /* Staging */ = {
			isa = XCBuildConfiguration;
			baseConfigurationReference = 5EF1F5695D12080100E76E2A /* Pods-CodeMagicDemoTests.staging.xcconfig */;
			buildSettings = {
				ALWAYS_EMBED_SWIFT_STANDARD_LIBRARIES = "$(inherited)";
				BUNDLE_LOADER = "$(TEST_HOST)";
				CODE_SIGN_STYLE = Automatic;
				CURRENT_PROJECT_VERSION = 12;
				DEVELOPMENT_TEAM = H9M477FJFS;
				GENERATE_INFOPLIST_FILE = YES;
				IPHONEOS_DEPLOYMENT_TARGET = 15.5;
				MARKETING_VERSION = 1.0;
				PRODUCT_BUNDLE_IDENTIFIER = net.artkernel.CodeMagicDemoTests;
				PRODUCT_NAME = "$(TARGET_NAME)";
				SWIFT_EMIT_LOC_STRINGS = NO;
				SWIFT_VERSION = 5.0;
				TARGETED_DEVICE_FAMILY = "1,2";
				TEST_HOST = "$(BUILT_PRODUCTS_DIR)/CodeMagicDemo.app/CodeMagicDemo";
			};
			name = Staging;
		};
		1476031E285773B100095566 /* Staging */ = {
			isa = XCBuildConfiguration;
			baseConfigurationReference = 615230ED22DAB2516EBDA14E /* Pods-CodeMagicDemo-CodeMagicDemoUITests.staging.xcconfig */;
			buildSettings = {
				ALWAYS_EMBED_SWIFT_STANDARD_LIBRARIES = "$(inherited)";
				CODE_SIGN_STYLE = Automatic;
				CURRENT_PROJECT_VERSION = 12;
				DEVELOPMENT_TEAM = H9M477FJFS;
				GENERATE_INFOPLIST_FILE = YES;
				MARKETING_VERSION = 1.0;
				PRODUCT_BUNDLE_IDENTIFIER = net.artkernel.CodeMagicDemoUITests;
				PRODUCT_NAME = "$(TARGET_NAME)";
				SWIFT_EMIT_LOC_STRINGS = NO;
				SWIFT_VERSION = 5.0;
				TARGETED_DEVICE_FAMILY = "1,2";
				TEST_TARGET_NAME = CodeMagicDemo;
			};
			name = Staging;
		};
/* End XCBuildConfiguration section */

/* Begin XCConfigurationList section */
		141D9BEA28570569008D19C2 /* Build configuration list for PBXProject "CodeMagicDemo" */ = {
			isa = XCConfigurationList;
			buildConfigurations = (
				141D9C112857056B008D19C2 /* Debug */,
				1476031B285773B100095566 /* Staging */,
				141D9C122857056B008D19C2 /* Release */,
			);
			defaultConfigurationIsVisible = 0;
			defaultConfigurationName = Release;
		};
		141D9C132857056B008D19C2 /* Build configuration list for PBXNativeTarget "CodeMagicDemo" */ = {
			isa = XCConfigurationList;
			buildConfigurations = (
				141D9C142857056B008D19C2 /* Debug */,
				1476031C285773B100095566 /* Staging */,
				141D9C152857056B008D19C2 /* Release */,
			);
			defaultConfigurationIsVisible = 0;
			defaultConfigurationName = Release;
		};
		141D9C162857056B008D19C2 /* Build configuration list for PBXNativeTarget "CodeMagicDemoTests" */ = {
			isa = XCConfigurationList;
			buildConfigurations = (
				141D9C172857056B008D19C2 /* Debug */,
				1476031D285773B100095566 /* Staging */,
				141D9C182857056B008D19C2 /* Release */,
			);
			defaultConfigurationIsVisible = 0;
			defaultConfigurationName = Release;
		};
		141D9C192857056B008D19C2 /* Build configuration list for PBXNativeTarget "CodeMagicDemoUITests" */ = {
			isa = XCConfigurationList;
			buildConfigurations = (
				141D9C1A2857056B008D19C2 /* Debug */,
				1476031E285773B100095566 /* Staging */,
				141D9C1B2857056B008D19C2 /* Release */,
			);
			defaultConfigurationIsVisible = 0;
			defaultConfigurationName = Release;
		};
/* End XCConfigurationList section */
	};
	rootObject = 141D9BE728570569008D19C2 /* Project object */;
}
